
Microsoft Visual Studio Solution File, Format Version 12.00
# Visual Studio 15
VisualStudioVersion = 15.0.28307.421
MinimumVisualStudioVersion = 10.0.40219.1
Project("{FAE04EC0-301F-11D3-BF4B-00C04F79EFBC}") = "form_dangnhap", "form_dangnhap\form_dangnhap.csproj", "{5D056F9D-59CF-46DC-B5FB-C1FFC9216AEE}"
EndProject
Global
	GlobalSection(SolutionConfigurationPlatforms) = preSolution
		Debug|Any CPU = Debug|Any CPU
		Release|Any CPU = Release|Any CPU
	EndGlobalSection
	GlobalSection(ProjectConfigurationPlatforms) = postSolution
		{5D056F9D-59CF-46DC-B5FB-C1FFC9216AEE}.Debug|Any CPU.ActiveCfg = Debug|Any CPU
		{5D056F9D-59CF-46DC-B5FB-C1FFC9216AEE}.Debug|Any CPU.Build.0 = Debug|Any CPU
		{5D056F9D-59CF-46DC-B5FB-C1FFC9216AEE}.Release|Any CPU.ActiveCfg = Release|Any CPU
		{5D056F9D-59CF-46DC-B5FB-C1FFC9216AEE}.Release|Any CPU.Build.0 = Release|Any CPU
	EndGlobalSection
	GlobalSection(SolutionProperties) = preSolution
		HideSolutionNode = FALSE
	EndGlobalSection
	GlobalSection(ExtensibilityGlobals) = postSolution
		SolutionGuid = {B1A22C99-B622-479D-B3EB-8E60BC8ED200}
	EndGlobalSection
EndGlobal
